{"filter":false,"title":"Gemfile.lock","tooltip":"/sample_app/Gemfile.lock","undoManager":{"mark":1,"position":1,"stack":[[{"start":{"row":168,"column":9},"end":{"row":168,"column":20},"action":"remove","lines":[" (= 1.3.13)"],"id":1,"ignore":true},{"start":{"row":175,"column":8},"end":{"row":175,"column":9},"action":"remove","lines":["5"]},{"start":{"row":175,"column":8},"end":{"row":175,"column":9},"action":"insert","lines":["6"]}],[{"start":{"row":133,"column":18},"end":{"row":133,"column":19},"action":"remove","lines":["3"],"id":2,"ignore":true},{"start":{"row":133,"column":18},"end":{"row":133,"column":19},"action":"insert","lines":["2"]},{"start":{"row":168,"column":9},"end":{"row":168,"column":20},"action":"insert","lines":[" (= 1.3.12)"]}]]},"ace":{"folds":[],"scrolltop":317,"scrollleft":0,"selection":{"start":{"row":0,"column":0},"end":{"row":0,"column":0},"isBackwards":false},"options":{"guessTabSize":true,"useWrapMode":false,"wrapToView":true},"firstLineState":{"row":21,"mode":"ace/mode/text"}},"timestamp":1493775678047,"hash":"52e604ca842099ffe0464aaa977afd8d2928f5ac"}