{"filter":false,"title":"Gemfile.lock","tooltip":"/bike_likes/Gemfile.lock","undoManager":{"mark":-1,"position":-1,"stack":[]},"ace":{"folds":[],"scrolltop":1359,"scrollleft":0,"selection":{"start":{"row":0,"column":0},"end":{"row":0,"column":0},"isBackwards":false},"options":{"guessTabSize":true,"useWrapMode":false,"wrapToView":true},"firstLineState":{"row":96,"state":"start","mode":"ace/mode/text"}},"timestamp":1493775750407,"hash":"2a47b9794a7da30771687aac689dc46cf66be59b"}